{
  "name": "is-dark-theme",
  "version": "1.0.0",
  "lockfileVersion": 1,
  "requires": true,
  "dependencies": {
    "fsevents": {
      "version": "2.3.2",
      "resolved": "https://registry.npmjs.org/fsevents/-/fsevents-2.3.2.tgz",
      "integrity": "sha512-xiqMQR4xAeHTuB9uWm+fFRcIOgKBMiOBP+eXiyT7jsgVCq1bkVygt00oASowB7EdtpOHaaPgKt812P9ab+DDKA==",
      "optional": true
    },
    "jpeg-js": {
      "version": "0.2.0",
      "resolved": "https://registry.npmjs.org/jpeg-js/-/jpeg-js-0.2.0.tgz",
      "integrity": "sha512-Ni9PffhJtYtdD7VwxH6V2MnievekGfUefosGCHadog0/jAevRu6HPjYeMHbUemn0IPE8d4wGa8UsOGsX+iKy2g=="
    },
    "node-resemble-js": {
      "version": "0.2.0",
      "resolved": "https://registry.npmjs.org/node-resemble-js/-/node-resemble-js-0.2.0.tgz",
      "integrity": "sha512-n/JE5kvqCEv+gX+Ej2XQQE9DOBpF92XdiNAb/01XWUtT8XmpI5de+Zc8blUGhKtpNZy0ygrW7NsfHoaIieGPjw==",
      "requires": {
        "jpeg-js": "0.2.0",
        "pngjs": "~2.2.0"
      },
      "dependencies": {
        "pngjs": {
          "version": "2.2.0",
          "resolved": "https://registry.npmjs.org/pngjs/-/pngjs-2.2.0.tgz",
          "integrity": "sha512-DHIoHxIOlzCMY4cVURiELKme36IKWra2/S3sKHB/tLoPRep+0xLLu3jmBMLPC81uDqKiD1dGvG+bmfJVdpcCrA=="
        }
      }
    },
    "playwright": {
      "version": "1.42.1",
      "resolved": "https://registry.npmjs.org/playwright/-/playwright-1.42.1.tgz",
      "integrity": "sha512-PgwB03s2DZBcNRoW+1w9E+VkLBxweib6KTXM0M3tkiT4jVxKSi6PmVJ591J+0u10LUrgxB7dLRbiJqO5s2QPMg==",
      "requires": {
        "fsevents": "2.3.2",
        "playwright-core": "1.42.1"
      }
    },
    "playwright-core": {
      "version": "1.42.1",
      "resolved": "https://registry.npmjs.org/playwright-core/-/playwright-core-1.42.1.tgz",
      "integrity": "sha512-mxz6zclokgrke9p1vtdy/COWBH+eOZgYUVVU34C73M+4j4HLlQJHtfcqiqqxpP0o8HhMkflvfbquLX5dg6wlfA=="
    }
  }
}
